
Microsoft Visual Studio Solution File, Format Version 12.00
# Visual Studio Version 16
VisualStudioVersion = 16.0.30330.147
MinimumVisualStudioVersion = 10.0.40219.1
Project("{FAE04EC0-301F-11D3-BF4B-00C04F79EFBC}") = "Rxprop_Study", "Rxprop_Study\Rxprop_Study.csproj", "{E6E4439F-D7C2-4C62-BEBD-03A396AB7F24}"
EndProject
Global
	GlobalSection(SolutionConfigurationPlatforms) = preSolution
		Debug|Any CPU = Debug|Any CPU
		Release|Any CPU = Release|Any CPU
	EndGlobalSection
	GlobalSection(ProjectConfigurationPlatforms) = postSolution
		{E6E4439F-D7C2-4C62-BEBD-03A396AB7F24}.Debug|Any CPU.ActiveCfg = Debug|Any CPU
		{E6E4439F-D7C2-4C62-BEBD-03A396AB7F24}.Debug|Any CPU.Build.0 = Debug|Any CPU
		{E6E4439F-D7C2-4C62-BEBD-03A396AB7F24}.Release|Any CPU.ActiveCfg = Release|Any CPU
		{E6E4439F-D7C2-4C62-BEBD-03A396AB7F24}.Release|Any CPU.Build.0 = Release|Any CPU
	EndGlobalSection
	GlobalSection(SolutionProperties) = preSolution
		HideSolutionNode = FALSE
	EndGlobalSection
	GlobalSection(ExtensibilityGlobals) = postSolution
		SolutionGuid = {5366963E-38EE-42CE-B770-165CE4221314}
	EndGlobalSection
EndGlobal
